
Microsoft Visual Studio Solution File, Format Version 12.00
# Visual Studio Version 17
VisualStudioVersion = 17.14.36429.23 d17.14
MinimumVisualStudioVersion = 10.0.40219.1
Project("{FAE04EC0-301F-11D3-BF4B-00C04F79EFBC}") = "Zitadel.NET.Demo", "Zitadel.NET.Demo\Zitadel.NET.Demo.csproj", "{14F0242F-DC87-4397-9202-0B1C74A87961}"
EndProject
Global
	GlobalSection(SolutionConfigurationPlatforms) = preSolution
		Debug|Any CPU = Debug|Any CPU
		Release|Any CPU = Release|Any CPU
	EndGlobalSection
	GlobalSection(ProjectConfigurationPlatforms) = postSolution
		{14F0242F-DC87-4397-9202-0B1C74A87961}.Debug|Any CPU.ActiveCfg = Debug|Any CPU
		{14F0242F-DC87-4397-9202-0B1C74A87961}.Debug|Any CPU.Build.0 = Debug|Any CPU
		{14F0242F-DC87-4397-9202-0B1C74A87961}.Release|Any CPU.ActiveCfg = Release|Any CPU
		{14F0242F-DC87-4397-9202-0B1C74A87961}.Release|Any CPU.Build.0 = Release|Any CPU
	EndGlobalSection
	GlobalSection(SolutionProperties) = preSolution
		HideSolutionNode = FALSE
	EndGlobalSection
	GlobalSection(ExtensibilityGlobals) = postSolution
		SolutionGuid = {EB1153C3-441C-40AB-A141-1DD79B1C83F9}
	EndGlobalSection
EndGlobal
